dependencies:
- name: cadvisor
  repository: https://ckotzbauer.github.io/helm-charts
  version: 2.2.4
- name: prometheus
  repository: https://prometheus-community.github.io/helm-charts
  version: 19.7.2
- name: promscale
  repository: https://charts.timescale.com
  version: 15.0.0
- name: kube-prometheus-stack
  repository: https://prometheus-community.github.io/helm-charts
  version: 45.20.0
- name: argo-workflows
  repository: https://argoproj.github.io/argo-helm
  version: 0.22.13
- name: argo-events
  repository: https://argoproj.github.io/argo-helm
  version: 2.1.3
- name: minio
  repository: https://charts.bitnami.com/bitnami
  version: 12.1.12
- name: docker-registry
  repository: https://helm.twun.io
  version: 2.2.2
- name: sftpgo
  repository: https://charts.sagikazarmark.dev
  version: 0.14.2
- name: timescaledb
  repository: ""
  version: 0.1.0
digest: sha256:2a9e2a85fbd8a809d717e460f4a04c70f61465560baf830a1239d94118e30667
generated: "2023-04-24T15:00:40.457019+02:00"
