dependencies:
- name: cadvisor
  repository: https://ckotzbauer.github.io/helm-charts
  version: 2.2.4
- name: kube-prometheus-stack
  repository: https://prometheus-community.github.io/helm-charts
  version: 47.1.0
- name: argo-workflows
  repository: https://argoproj.github.io/argo-helm
  version: 0.30.0
- name: argo-events
  repository: https://argoproj.github.io/argo-helm
  version: 2.4.0
- name: minio
  repository: https://charts.bitnami.com/bitnami
  version: 12.6.5
- name: docker-registry
  repository: https://helm.twun.io
  version: 2.2.2
- name: sftpgo
  repository: https://charts.sagikazarmark.dev
  version: 0.17.0
- name: postgresql
  repository: https://charts.bitnami.com/bitnami
  version: 12.6.0
digest: sha256:142f9699e7e34115a263f83981995e55784960373f6c0ce58003c599447b553a
generated: "2023-07-03T10:09:13.757168+02:00"
